
Microsoft Visual Studio Solution File, Format Version 12.00
# Visual Studio Version 17
VisualStudioVersion = 17.5.002.0
MinimumVisualStudioVersion = 10.0.40219.1
Project("{9A19103F-16F7-4668-BE54-9A1E7A4F7556}") = "PhotoListCreatorNet9", "PhotoListCreatorNet9.csproj", "{63174AF6-C450-4FB2-A1BB-484677BFAE1A}"
EndProject
Global
	GlobalSection(SolutionConfigurationPlatforms) = preSolution
		Debug|Any CPU = Debug|Any CPU
		Release|Any CPU = Release|Any CPU
	EndGlobalSection
	GlobalSection(ProjectConfigurationPlatforms) = postSolution
		{63174AF6-C450-4FB2-A1BB-484677BFAE1A}.Debug|Any CPU.ActiveCfg = Debug|Any CPU
		{63174AF6-C450-4FB2-A1BB-484677BFAE1A}.Debug|Any CPU.Build.0 = Debug|Any CPU
		{63174AF6-C450-4FB2-A1BB-484677BFAE1A}.Release|Any CPU.ActiveCfg = Release|Any CPU
		{63174AF6-C450-4FB2-A1BB-484677BFAE1A}.Release|Any CPU.Build.0 = Release|Any CPU
	EndGlobalSection
	GlobalSection(SolutionProperties) = preSolution
		HideSolutionNode = FALSE
	EndGlobalSection
	GlobalSection(ExtensibilityGlobals) = postSolution
		SolutionGuid = {DA39C2BD-D579-4B03-BAD0-4F1F02296CA9}
	EndGlobalSection
EndGlobal
